dependencies:
- name: dragonfly
  repository: oci://ghcr.io/dragonflydb/dragonfly/helm
  version: v1.25.1
- name: mariadb
  repository: oci://registry-1.docker.io/cloudpirates
  version: 0.3.3
- name: mathjax
  repository: file://../mathjax
  version: 0.1.0
digest: sha256:87634c78658a2f0175c14874e2a5e33cf90c71cf8e13e5a2c20f2f15fa8ac5a4
generated: "2025-11-27T09:32:01.439601819+01:00"
